
Microsoft Visual Studio Solution File, Format Version 12.00
# Visual Studio 15
VisualStudioVersion = 15.0.26430.16
MinimumVisualStudioVersion = 10.0.40219.1
Project("{FAE04EC0-301F-11D3-BF4B-00C04F79EFBC}") = "Jra.Core", "Jra.Core\Jra.Core.csproj", "{5B887A98-FABE-4CBF-8C24-D930297AE8C0}"
EndProject
Project("{2150E333-8FDC-42A3-9474-1A3956D46DE8}") = "1.Infrastructure", "1.Infrastructure", "{1C5C2277-01E2-4CC0-AF0E-BE8C222FA965}"
EndProject
Project("{2150E333-8FDC-42A3-9474-1A3956D46DE8}") = "2.Presentation", "2.Presentation", "{8942AADD-2A69-473B-97D3-F24C9DC62D0D}"
EndProject
Project("{FAE04EC0-301F-11D3-BF4B-00C04F79EFBC}") = "Jra.Dba", "Jra.Dba\Jra.Dba.csproj", "{45897D77-BDCD-4DF2-9D14-9E146D3B0239}"
EndProject
Project("{FAE04EC0-301F-11D3-BF4B-00C04F79EFBC}") = "Jra.Domain", "Jra.Domain\Jra.Domain.csproj", "{836AE2F3-572F-41F6-B803-2DF95FB7619A}"
EndProject
Project("{FAE04EC0-301F-11D3-BF4B-00C04F79EFBC}") = "Jra.Mapping", "Jra.Mapping\Jra.Mapping.csproj", "{4EE71D32-1A6C-434E-9524-5EE7C7913850}"
EndProject
Project("{FAE04EC0-301F-11D3-BF4B-00C04F79EFBC}") = "Jra.ViewModel", "Jra.ViewModel\Jra.ViewModel.csproj", "{A3519C9C-6A17-4EC9-84FB-5FDB538B56FD}"
EndProject
Project("{FAE04EC0-301F-11D3-BF4B-00C04F79EFBC}") = "Jra.Services", "Jra.Services\Jra.Services.csproj", "{C47AADA1-02E6-450C-8FAB-523A52CDC1C2}"
EndProject
Project("{FAE04EC0-301F-11D3-BF4B-00C04F79EFBC}") = "Jra.Frontend", "Jra.Frontend\Jra.Frontend.csproj", "{1C3113BC-6131-4B70-849C-832C1191C50A}"
EndProject
Project("{FAE04EC0-301F-11D3-BF4B-00C04F79EFBC}") = "Jra.Admin", "Jra.Admin\Jra.Admin.csproj", "{713F092A-C28B-43BE-9C4B-F1FD81E2F20A}"
EndProject
Global
	GlobalSection(SolutionConfigurationPlatforms) = preSolution
		Debug|Any CPU = Debug|Any CPU
		Release|Any CPU = Release|Any CPU
	EndGlobalSection
	GlobalSection(ProjectConfigurationPlatforms) = postSolution
		{5B887A98-FABE-4CBF-8C24-D930297AE8C0}.Debug|Any CPU.ActiveCfg = Debug|Any CPU
		{5B887A98-FABE-4CBF-8C24-D930297AE8C0}.Debug|Any CPU.Build.0 = Debug|Any CPU
		{5B887A98-FABE-4CBF-8C24-D930297AE8C0}.Release|Any CPU.ActiveCfg = Release|Any CPU
		{5B887A98-FABE-4CBF-8C24-D930297AE8C0}.Release|Any CPU.Build.0 = Release|Any CPU
		{45897D77-BDCD-4DF2-9D14-9E146D3B0239}.Debug|Any CPU.ActiveCfg = Debug|Any CPU
		{45897D77-BDCD-4DF2-9D14-9E146D3B0239}.Debug|Any CPU.Build.0 = Debug|Any CPU
		{45897D77-BDCD-4DF2-9D14-9E146D3B0239}.Release|Any CPU.ActiveCfg = Release|Any CPU
		{45897D77-BDCD-4DF2-9D14-9E146D3B0239}.Release|Any CPU.Build.0 = Release|Any CPU
		{836AE2F3-572F-41F6-B803-2DF95FB7619A}.Debug|Any CPU.ActiveCfg = Debug|Any CPU
		{836AE2F3-572F-41F6-B803-2DF95FB7619A}.Debug|Any CPU.Build.0 = Debug|Any CPU
		{836AE2F3-572F-41F6-B803-2DF95FB7619A}.Release|Any CPU.ActiveCfg = Release|Any CPU
		{836AE2F3-572F-41F6-B803-2DF95FB7619A}.Release|Any CPU.Build.0 = Release|Any CPU
		{4EE71D32-1A6C-434E-9524-5EE7C7913850}.Debug|Any CPU.ActiveCfg = Debug|Any CPU
		{4EE71D32-1A6C-434E-9524-5EE7C7913850}.Debug|Any CPU.Build.0 = Debug|Any CPU
		{4EE71D32-1A6C-434E-9524-5EE7C7913850}.Release|Any CPU.ActiveCfg = Release|Any CPU
		{4EE71D32-1A6C-434E-9524-5EE7C7913850}.Release|Any CPU.Build.0 = Release|Any CPU
		{A3519C9C-6A17-4EC9-84FB-5FDB538B56FD}.Debug|Any CPU.ActiveCfg = Debug|Any CPU
		{A3519C9C-6A17-4EC9-84FB-5FDB538B56FD}.Debug|Any CPU.Build.0 = Debug|Any CPU
		{A3519C9C-6A17-4EC9-84FB-5FDB538B56FD}.Release|Any CPU.ActiveCfg = Release|Any CPU
		{A3519C9C-6A17-4EC9-84FB-5FDB538B56FD}.Release|Any CPU.Build.0 = Release|Any CPU
		{C47AADA1-02E6-450C-8FAB-523A52CDC1C2}.Debug|Any CPU.ActiveCfg = Debug|Any CPU
		{C47AADA1-02E6-450C-8FAB-523A52CDC1C2}.Debug|Any CPU.Build.0 = Debug|Any CPU
		{C47AADA1-02E6-450C-8FAB-523A52CDC1C2}.Release|Any CPU.ActiveCfg = Release|Any CPU
		{C47AADA1-02E6-450C-8FAB-523A52CDC1C2}.Release|Any CPU.Build.0 = Release|Any CPU
		{1C3113BC-6131-4B70-849C-832C1191C50A}.Debug|Any CPU.ActiveCfg = Debug|Any CPU
		{1C3113BC-6131-4B70-849C-832C1191C50A}.Debug|Any CPU.Build.0 = Debug|Any CPU
		{1C3113BC-6131-4B70-849C-832C1191C50A}.Release|Any CPU.ActiveCfg = Release|Any CPU
		{1C3113BC-6131-4B70-849C-832C1191C50A}.Release|Any CPU.Build.0 = Release|Any CPU
		{713F092A-C28B-43BE-9C4B-F1FD81E2F20A}.Debug|Any CPU.ActiveCfg = Debug|Any CPU
		{713F092A-C28B-43BE-9C4B-F1FD81E2F20A}.Debug|Any CPU.Build.0 = Debug|Any CPU
		{713F092A-C28B-43BE-9C4B-F1FD81E2F20A}.Release|Any CPU.ActiveCfg = Release|Any CPU
		{713F092A-C28B-43BE-9C4B-F1FD81E2F20A}.Release|Any CPU.Build.0 = Release|Any CPU
	EndGlobalSection
	GlobalSection(SolutionProperties) = preSolution
		HideSolutionNode = FALSE
	EndGlobalSection
	GlobalSection(NestedProjects) = preSolution
		{5B887A98-FABE-4CBF-8C24-D930297AE8C0} = {1C5C2277-01E2-4CC0-AF0E-BE8C222FA965}
		{45897D77-BDCD-4DF2-9D14-9E146D3B0239} = {1C5C2277-01E2-4CC0-AF0E-BE8C222FA965}
		{836AE2F3-572F-41F6-B803-2DF95FB7619A} = {1C5C2277-01E2-4CC0-AF0E-BE8C222FA965}
		{4EE71D32-1A6C-434E-9524-5EE7C7913850} = {1C5C2277-01E2-4CC0-AF0E-BE8C222FA965}
		{A3519C9C-6A17-4EC9-84FB-5FDB538B56FD} = {1C5C2277-01E2-4CC0-AF0E-BE8C222FA965}
		{C47AADA1-02E6-450C-8FAB-523A52CDC1C2} = {1C5C2277-01E2-4CC0-AF0E-BE8C222FA965}
		{1C3113BC-6131-4B70-849C-832C1191C50A} = {8942AADD-2A69-473B-97D3-F24C9DC62D0D}
		{713F092A-C28B-43BE-9C4B-F1FD81E2F20A} = {8942AADD-2A69-473B-97D3-F24C9DC62D0D}
	EndGlobalSection
EndGlobal
